
Microsoft Visual Studio Solution File, Format Version 12.00
# Visual Studio 14
VisualStudioVersion = 14.0.25420.1
MinimumVisualStudioVersion = 10.0.40219.1
Project("{FAE04EC0-301F-11D3-BF4B-00C04F79EFBC}") = "Delegates", "Delegates\Delegates.csproj", "{64A63FD1-D192-4024-965A-86A48971E4DF}"
EndProject
Project("{FAE04EC0-301F-11D3-BF4B-00C04F79EFBC}") = "Delegates1", "Delegates1\Delegates1.csproj", "{7D736A0D-72DD-4CF7-A1E6-B49F996F4749}"
EndProject
Global
	GlobalSection(SolutionConfigurationPlatforms) = preSolution
		Debug|Any CPU = Debug|Any CPU
		Release|Any CPU = Release|Any CPU
	EndGlobalSection
	GlobalSection(ProjectConfigurationPlatforms) = postSolution
		{64A63FD1-D192-4024-965A-86A48971E4DF}.Debug|Any CPU.ActiveCfg = Debug|Any CPU
		{64A63FD1-D192-4024-965A-86A48971E4DF}.Debug|Any CPU.Build.0 = Debug|Any CPU
		{64A63FD1-D192-4024-965A-86A48971E4DF}.Release|Any CPU.ActiveCfg = Release|Any CPU
		{64A63FD1-D192-4024-965A-86A48971E4DF}.Release|Any CPU.Build.0 = Release|Any CPU
		{7D736A0D-72DD-4CF7-A1E6-B49F996F4749}.Debug|Any CPU.ActiveCfg = Debug|Any CPU
		{7D736A0D-72DD-4CF7-A1E6-B49F996F4749}.Debug|Any CPU.Build.0 = Debug|Any CPU
		{7D736A0D-72DD-4CF7-A1E6-B49F996F4749}.Release|Any CPU.ActiveCfg = Release|Any CPU
		{7D736A0D-72DD-4CF7-A1E6-B49F996F4749}.Release|Any CPU.Build.0 = Release|Any CPU
	EndGlobalSection
	GlobalSection(SolutionProperties) = preSolution
		HideSolutionNode = FALSE
	EndGlobalSection
EndGlobal
